{
  "requires": true,
  "lockfileVersion": 1,
  "dependencies": {
    "lokijs": {
      "version": "1.5.2",
      "resolved": "https://registry.npmjs.org/lokijs/-/lokijs-1.5.2.tgz",
      "integrity": "sha1-ddQ98hIy8dVHnRkaabbr9hdUqHM="
    },
    "taffy": {
      "version": "2.6.2",
      "resolved": "https://registry.npmjs.org/taffy/-/taffy-2.6.2.tgz",
      "integrity": "sha1-56NlUDrbtMZBpmbYSdABJ3+7WJM="
    }
  }
}
